
Microsoft Visual Studio Solution File, Format Version 12.00
# Visual Studio Version 16
VisualStudioVersion = 16.0.29519.87
MinimumVisualStudioVersion = 10.0.40219.1
Project("{2150E333-8FDC-42A3-9474-1A3956D46DE8}") = "misc", "misc", "{FDECC0B6-94F0-4392-BF14-61DE41D5270E}"
	ProjectSection(SolutionItems) = preProject
		misc\changelog.txt = misc\changelog.txt
		misc\todo.txt = misc\todo.txt
	EndProjectSection
EndProject
Project("{2150E333-8FDC-42A3-9474-1A3956D46DE8}") = "nuget", "nuget", "{5B6D6CF8-E6F7-4087-8307-F41E14D5D1DD}"
	ProjectSection(SolutionItems) = preProject
		nuget\TauCode.Cli.nuspec = nuget\TauCode.Cli.nuspec
	EndProjectSection
EndProject
Project("{2150E333-8FDC-42A3-9474-1A3956D46DE8}") = "src", "src", "{01A3DE8C-48F6-4352-8E67-E61675A3AD00}"
EndProject
Project("{2150E333-8FDC-42A3-9474-1A3956D46DE8}") = "test", "test", "{DEF2427A-BBCF-4EC8-83F2-73B2479D0BD7}"
EndProject
Project("{9A19103F-16F7-4668-BE54-9A1E7A4F7556}") = "TauCode.Cli", "src\TauCode.Cli\TauCode.Cli.csproj", "{3F39D72B-1C96-4BB0-A88B-6A958FB7E126}"
EndProject
Project("{2150E333-8FDC-42A3-9474-1A3956D46DE8}") = "build", "build", "{A19795C7-E7D2-4515-96EE-19EA79EF573C}"
	ProjectSection(SolutionItems) = preProject
		build\azure-pipelines-dev.yml = build\azure-pipelines-dev.yml
		build\azure-pipelines.yml = build\azure-pipelines.yml
	EndProjectSection
EndProject
Project("{9A19103F-16F7-4668-BE54-9A1E7A4F7556}") = "TauCode.Cli.Tests.Common", "test\TauCode.Cli.Tests.Common\TauCode.Cli.Tests.Common.csproj", "{025A2A22-D649-45BE-ACBB-7A883CAEB878}"
EndProject
Project("{9A19103F-16F7-4668-BE54-9A1E7A4F7556}") = "TauCode.Cli.Tests.Demo", "test\TauCode.Cli.Tests.Demo\TauCode.Cli.Tests.Demo.csproj", "{A9D96452-DBD3-4539-841F-9A6AB4AA1D8B}"
EndProject
Project("{9A19103F-16F7-4668-BE54-9A1E7A4F7556}") = "TauCode.Cli.Tests.DemoProd", "test\TauCode.Cli.Tests.DemoProd\TauCode.Cli.Tests.DemoProd.csproj", "{FABDCAF4-0F2A-4A91-A5C8-9397450113C8}"
EndProject
Project("{9A19103F-16F7-4668-BE54-9A1E7A4F7556}") = "TauCode.Cli.Tests.UnitTests", "test\TauCode.Cli.Tests.UnitTests\TauCode.Cli.Tests.UnitTests.csproj", "{6AEB168E-9453-4B6C-A9CD-A6A32400C55A}"
EndProject
Project("{2150E333-8FDC-42A3-9474-1A3956D46DE8}") = "tau-lab", "tau-lab", "{2A63AEA8-7F90-47D5-B054-C55CD1DEF84F}"
EndProject
Project("{9A19103F-16F7-4668-BE54-9A1E7A4F7556}") = "TauCode.Lab", "tau-lab\TauCode.Lab\TauCode.Lab.csproj", "{F4413029-803A-4FE3-A56F-D70837DD419A}"
EndProject
Project("{2150E333-8FDC-42A3-9474-1A3956D46DE8}") = "test-lab", "test-lab", "{D1F059AF-6704-4D5C-9640-4C3F8C4D02CE}"
EndProject
Project("{9A19103F-16F7-4668-BE54-9A1E7A4F7556}") = "TauCode.Lab.Cli.Tests.Cui", "test-lab\TauCode.Lab.Cli.Tests.Cui\TauCode.Lab.Cli.Tests.Cui.csproj", "{D6FDA1F5-2F18-4EE8-BDB1-F9BC3AB304D5}"
EndProject
Project("{9A19103F-16F7-4668-BE54-9A1E7A4F7556}") = "TauCode.Lab.Tests", "test-lab\TauCode.Lab.Tests\TauCode.Lab.Tests.csproj", "{2FDE8607-7EB1-4EBD-AA0B-14D54AE03B8A}"
EndProject
Global
	GlobalSection(SolutionConfigurationPlatforms) = preSolution
		Debug|Any CPU = Debug|Any CPU
		Release|Any CPU = Release|Any CPU
	EndGlobalSection
	GlobalSection(ProjectConfigurationPlatforms) = postSolution
		{3F39D72B-1C96-4BB0-A88B-6A958FB7E126}.Debug|Any CPU.ActiveCfg = Debug|Any CPU
		{3F39D72B-1C96-4BB0-A88B-6A958FB7E126}.Debug|Any CPU.Build.0 = Debug|Any CPU
		{3F39D72B-1C96-4BB0-A88B-6A958FB7E126}.Release|Any CPU.ActiveCfg = Release|Any CPU
		{3F39D72B-1C96-4BB0-A88B-6A958FB7E126}.Release|Any CPU.Build.0 = Release|Any CPU
		{025A2A22-D649-45BE-ACBB-7A883CAEB878}.Debug|Any CPU.ActiveCfg = Debug|Any CPU
		{025A2A22-D649-45BE-ACBB-7A883CAEB878}.Debug|Any CPU.Build.0 = Debug|Any CPU
		{025A2A22-D649-45BE-ACBB-7A883CAEB878}.Release|Any CPU.ActiveCfg = Release|Any CPU
		{025A2A22-D649-45BE-ACBB-7A883CAEB878}.Release|Any CPU.Build.0 = Release|Any CPU
		{A9D96452-DBD3-4539-841F-9A6AB4AA1D8B}.Debug|Any CPU.ActiveCfg = Debug|Any CPU
		{A9D96452-DBD3-4539-841F-9A6AB4AA1D8B}.Debug|Any CPU.Build.0 = Debug|Any CPU
		{A9D96452-DBD3-4539-841F-9A6AB4AA1D8B}.Release|Any CPU.ActiveCfg = Release|Any CPU
		{A9D96452-DBD3-4539-841F-9A6AB4AA1D8B}.Release|Any CPU.Build.0 = Release|Any CPU
		{FABDCAF4-0F2A-4A91-A5C8-9397450113C8}.Debug|Any CPU.ActiveCfg = Debug|Any CPU
		{FABDCAF4-0F2A-4A91-A5C8-9397450113C8}.Debug|Any CPU.Build.0 = Debug|Any CPU
		{FABDCAF4-0F2A-4A91-A5C8-9397450113C8}.Release|Any CPU.ActiveCfg = Release|Any CPU
		{FABDCAF4-0F2A-4A91-A5C8-9397450113C8}.Release|Any CPU.Build.0 = Release|Any CPU
		{6AEB168E-9453-4B6C-A9CD-A6A32400C55A}.Debug|Any CPU.ActiveCfg = Debug|Any CPU
		{6AEB168E-9453-4B6C-A9CD-A6A32400C55A}.Debug|Any CPU.Build.0 = Debug|Any CPU
		{6AEB168E-9453-4B6C-A9CD-A6A32400C55A}.Release|Any CPU.ActiveCfg = Release|Any CPU
		{6AEB168E-9453-4B6C-A9CD-A6A32400C55A}.Release|Any CPU.Build.0 = Release|Any CPU
		{F4413029-803A-4FE3-A56F-D70837DD419A}.Debug|Any CPU.ActiveCfg = Debug|Any CPU
		{F4413029-803A-4FE3-A56F-D70837DD419A}.Debug|Any CPU.Build.0 = Debug|Any CPU
		{F4413029-803A-4FE3-A56F-D70837DD419A}.Release|Any CPU.ActiveCfg = Release|Any CPU
		{F4413029-803A-4FE3-A56F-D70837DD419A}.Release|Any CPU.Build.0 = Release|Any CPU
		{D6FDA1F5-2F18-4EE8-BDB1-F9BC3AB304D5}.Debug|Any CPU.ActiveCfg = Debug|Any CPU
		{D6FDA1F5-2F18-4EE8-BDB1-F9BC3AB304D5}.Debug|Any CPU.Build.0 = Debug|Any CPU
		{D6FDA1F5-2F18-4EE8-BDB1-F9BC3AB304D5}.Release|Any CPU.ActiveCfg = Release|Any CPU
		{D6FDA1F5-2F18-4EE8-BDB1-F9BC3AB304D5}.Release|Any CPU.Build.0 = Release|Any CPU
		{2FDE8607-7EB1-4EBD-AA0B-14D54AE03B8A}.Debug|Any CPU.ActiveCfg = Debug|Any CPU
		{2FDE8607-7EB1-4EBD-AA0B-14D54AE03B8A}.Debug|Any CPU.Build.0 = Debug|Any CPU
		{2FDE8607-7EB1-4EBD-AA0B-14D54AE03B8A}.Release|Any CPU.ActiveCfg = Release|Any CPU
		{2FDE8607-7EB1-4EBD-AA0B-14D54AE03B8A}.Release|Any CPU.Build.0 = Release|Any CPU
	EndGlobalSection
	GlobalSection(SolutionProperties) = preSolution
		HideSolutionNode = FALSE
	EndGlobalSection
	GlobalSection(NestedProjects) = preSolution
		{3F39D72B-1C96-4BB0-A88B-6A958FB7E126} = {01A3DE8C-48F6-4352-8E67-E61675A3AD00}
		{025A2A22-D649-45BE-ACBB-7A883CAEB878} = {DEF2427A-BBCF-4EC8-83F2-73B2479D0BD7}
		{A9D96452-DBD3-4539-841F-9A6AB4AA1D8B} = {DEF2427A-BBCF-4EC8-83F2-73B2479D0BD7}
		{FABDCAF4-0F2A-4A91-A5C8-9397450113C8} = {DEF2427A-BBCF-4EC8-83F2-73B2479D0BD7}
		{6AEB168E-9453-4B6C-A9CD-A6A32400C55A} = {DEF2427A-BBCF-4EC8-83F2-73B2479D0BD7}
		{F4413029-803A-4FE3-A56F-D70837DD419A} = {2A63AEA8-7F90-47D5-B054-C55CD1DEF84F}
		{D6FDA1F5-2F18-4EE8-BDB1-F9BC3AB304D5} = {D1F059AF-6704-4D5C-9640-4C3F8C4D02CE}
		{2FDE8607-7EB1-4EBD-AA0B-14D54AE03B8A} = {D1F059AF-6704-4D5C-9640-4C3F8C4D02CE}
	EndGlobalSection
	GlobalSection(ExtensibilityGlobals) = postSolution
		SolutionGuid = {B94960B5-7DEA-4917-854B-E990B34D8655}
	EndGlobalSection
EndGlobal
